
Microsoft Visual Studio Solution File, Format Version 12.00
# Visual Studio Version 16
VisualStudioVersion = 16.0.31702.278
MinimumVisualStudioVersion = 10.0.40219.1
Project("{9A19103F-16F7-4668-BE54-9A1E7A4F7556}") = "Service_Container", "Service_Container\Service_Container.csproj", "{D6A2770C-B38F-4AE1-9D76-B03DE28A47EC}"
EndProject
Global
	GlobalSection(SolutionConfigurationPlatforms) = preSolution
		Debug|Any CPU = Debug|Any CPU
		Release|Any CPU = Release|Any CPU
	EndGlobalSection
	GlobalSection(ProjectConfigurationPlatforms) = postSolution
		{D6A2770C-B38F-4AE1-9D76-B03DE28A47EC}.Debug|Any CPU.ActiveCfg = Debug|Any CPU
		{D6A2770C-B38F-4AE1-9D76-B03DE28A47EC}.Debug|Any CPU.Build.0 = Debug|Any CPU
		{D6A2770C-B38F-4AE1-9D76-B03DE28A47EC}.Release|Any CPU.ActiveCfg = Release|Any CPU
		{D6A2770C-B38F-4AE1-9D76-B03DE28A47EC}.Release|Any CPU.Build.0 = Release|Any CPU
	EndGlobalSection
	GlobalSection(SolutionProperties) = preSolution
		HideSolutionNode = FALSE
	EndGlobalSection
	GlobalSection(ExtensibilityGlobals) = postSolution
		SolutionGuid = {02B264BD-E93E-4589-888B-6D953FC89155}
	EndGlobalSection
EndGlobal
